
Microsoft Visual Studio Solution File, Format Version 12.00
# Visual Studio Version 17
VisualStudioVersion = 17.10.35013.160
MinimumVisualStudioVersion = 10.0.40219.1
Project("{FAE04EC0-301F-11D3-BF4B-00C04F79EFBC}") = "XadrezConsole", "XadrezConsole\XadrezConsole.csproj", "{8B2FAC58-6DFD-43CF-ADE1-90BDF3A7EDFB}"
EndProject
Global
	GlobalSection(SolutionConfigurationPlatforms) = preSolution
		Debug|Any CPU = Debug|Any CPU
		Release|Any CPU = Release|Any CPU
	EndGlobalSection
	GlobalSection(ProjectConfigurationPlatforms) = postSolution
		{8B2FAC58-6DFD-43CF-ADE1-90BDF3A7EDFB}.Debug|Any CPU.ActiveCfg = Debug|Any CPU
		{8B2FAC58-6DFD-43CF-ADE1-90BDF3A7EDFB}.Debug|Any CPU.Build.0 = Debug|Any CPU
		{8B2FAC58-6DFD-43CF-ADE1-90BDF3A7EDFB}.Release|Any CPU.ActiveCfg = Release|Any CPU
		{8B2FAC58-6DFD-43CF-ADE1-90BDF3A7EDFB}.Release|Any CPU.Build.0 = Release|Any CPU
	EndGlobalSection
	GlobalSection(SolutionProperties) = preSolution
		HideSolutionNode = FALSE
	EndGlobalSection
	GlobalSection(ExtensibilityGlobals) = postSolution
		SolutionGuid = {3ADD04A4-3C45-4823-A238-4096E5807724}
	EndGlobalSection
EndGlobal
